
Microsoft Visual Studio Solution File, Format Version 12.00
# Visual Studio Version 17
VisualStudioVersion = 17.8.34525.116
MinimumVisualStudioVersion = 10.0.40219.1
Project("{FAE04EC0-301F-11D3-BF4B-00C04F79EFBC}") = "выход", "выход\выход.csproj", "{B105B120-C56A-4C7E-BE98-9031AAA8F061}"
EndProject
Global
	GlobalSection(SolutionConfigurationPlatforms) = preSolution
		Debug|Any CPU = Debug|Any CPU
		Release|Any CPU = Release|Any CPU
	EndGlobalSection
	GlobalSection(ProjectConfigurationPlatforms) = postSolution
		{B105B120-C56A-4C7E-BE98-9031AAA8F061}.Debug|Any CPU.ActiveCfg = Debug|Any CPU
		{B105B120-C56A-4C7E-BE98-9031AAA8F061}.Debug|Any CPU.Build.0 = Debug|Any CPU
		{B105B120-C56A-4C7E-BE98-9031AAA8F061}.Release|Any CPU.ActiveCfg = Release|Any CPU
		{B105B120-C56A-4C7E-BE98-9031AAA8F061}.Release|Any CPU.Build.0 = Release|Any CPU
	EndGlobalSection
	GlobalSection(SolutionProperties) = preSolution
		HideSolutionNode = FALSE
	EndGlobalSection
	GlobalSection(ExtensibilityGlobals) = postSolution
		SolutionGuid = {9B1F246D-E1C9-4250-86D6-31FEF09CB8A9}
	EndGlobalSection
EndGlobal
